Microsoft Visual Studio Solution File, Format Version 12.00
# Visual Studio Version 16
VisualStudioVersion = 16.0.28407.52
MinimumVisualStudioVersion = 10.0.40219.1
Project("{9A19103F-16F7-4668-BE54-9A1E7A4F7556}") = "Crawling.MySql.Core", "src\MySql.Core\Crawling.MySql.Core.csproj", "{46D89BED-5F80-454B-9496-3163759DBEB4}"
EndProject
Project("{9A19103F-16F7-4668-BE54-9A1E7A4F7556}") = "Crawling.MySql", "src\MySql.Crawling\Crawling.MySql.csproj", "{3614D206-499A-47C5-98B1-B45F7B9556BC}"
EndProject
Project("{9A19103F-16F7-4668-BE54-9A1E7A4F7556}") = "Crawling.MySql.Infrastructure", "src\MySql.Infrastructure\Crawling.MySql.Infrastructure.csproj", "{DC7F7066-EDE8-49FF-AB6B-1C0143CF349C}"
EndProject
Project("{9A19103F-16F7-4668-BE54-9A1E7A4F7556}") = "Provider.MySql", "src\MySql.Provider\Provider.MySql.csproj", "{E9C499B9-DFE2-470C-8215-11CCACD398DD}"
EndProject
Project("{9A19103F-16F7-4668-BE54-9A1E7A4F7556}") = "Crawling.MySql.Unit.Test", "test\unit\Crawling.MySql.Test\Crawling.MySql.Unit.Test.csproj", "{D5313469-60EA-4B41-9D76-347F5D4101E8}"
EndProject
Project("{9A19103F-16F7-4668-BE54-9A1E7A4F7556}") = "Provider.MySql.Unit.Test", "test\unit\Provider.MySql.Test\Provider.MySql.Unit.Test.csproj", "{24C48AD5-562B-4C9B-9FC3-52EB0C79007C}"
EndProject
Project("{2150E333-8FDC-42A3-9474-1A3956D46DE8}") = "_Config", "_Config", "{153182F5-8A66-4AF5-AEE5-A35ACF793692}"
	ProjectSection(SolutionItems) = preProject
		.editorconfig = .editorconfig
		.gitignore = .gitignore
		Nuget.config = Nuget.config
	EndProjectSection
EndProject
Project("{2150E333-8FDC-42A3-9474-1A3956D46DE8}") = "_Docs", "_Docs", "{57E743C9-2E9B-4CA7-A9BD-E89B46B390E9}"
	ProjectSection(SolutionItems) = preProject
		README.md = README.md
	EndProjectSection
EndProject
Project("{2150E333-8FDC-42A3-9474-1A3956D46DE8}") = "Code", "Code", "{4D081256-19A6-4190-8224-FB9CF5793B6A}"
EndProject
Project("{2150E333-8FDC-42A3-9474-1A3956D46DE8}") = "Tests", "Tests", "{32830E2D-B53F-4D0F-984E-806248F7C8D8}"
EndProject
Project("{2150E333-8FDC-42A3-9474-1A3956D46DE8}") = "Security", "Security", "{6068A50D-8E76-434E-ADE8-2E4A0A66333D}"
	ProjectSection(SolutionItems) = preProject
		docs\Security\Crawler Threat Model.tm7 = docs\Security\Crawler Threat Model.tm7
	EndProjectSection
EndProject
Project("{2150E333-8FDC-42A3-9474-1A3956D46DE8}") = "Unit", "Unit", "{D10B16B9-F33D-498D-8C6F-442B0EC7C6E2}"
EndProject
Project("{2150E333-8FDC-42A3-9474-1A3956D46DE8}") = "Integration", "Integration", "{CBD22F04-6415-467D-B079-44D5B01965D1}"
EndProject
Project("{9A19103F-16F7-4668-BE54-9A1E7A4F7556}") = "Crawling.MySql.Integration.Test", "test\integration\Crawling.MySql.Integration.Test\Crawling.MySql.Integration.Test.csproj", "{99F9EA75-A5F3-48CF-87E4-C4B7481787D3}"
EndProject
Project("{9A19103F-16F7-4668-BE54-9A1E7A4F7556}") = "CluedIn.Crawler.Console", "..\source\repos\CluedIn.Crawler.Console\src\CluedIn.Crawler.Console\CluedIn.Crawler.Console.csproj", "{EAE8C80F-CD76-4D2B-9513-E3C260DD31F8}"
EndProject
Global
	GlobalSection(SolutionConfigurationPlatforms) = preSolution
		Debug|Any CPU = Debug|Any CPU
		Release|Any CPU = Release|Any CPU
	EndGlobalSection
	GlobalSection(ProjectConfigurationPlatforms) = postSolution
		{46D89BED-5F80-454B-9496-3163759DBEB4}.Debug|Any CPU.ActiveCfg = Debug|Any CPU
		{46D89BED-5F80-454B-9496-3163759DBEB4}.Debug|Any CPU.Build.0 = Debug|Any CPU
		{46D89BED-5F80-454B-9496-3163759DBEB4}.Release|Any CPU.ActiveCfg = Release|Any CPU
		{46D89BED-5F80-454B-9496-3163759DBEB4}.Release|Any CPU.Build.0 = Release|Any CPU
		{3614D206-499A-47C5-98B1-B45F7B9556BC}.Debug|Any CPU.ActiveCfg = Debug|Any CPU
		{3614D206-499A-47C5-98B1-B45F7B9556BC}.Debug|Any CPU.Build.0 = Debug|Any CPU
		{3614D206-499A-47C5-98B1-B45F7B9556BC}.Release|Any CPU.ActiveCfg = Release|Any CPU
		{3614D206-499A-47C5-98B1-B45F7B9556BC}.Release|Any CPU.Build.0 = Release|Any CPU
		{DC7F7066-EDE8-49FF-AB6B-1C0143CF349C}.Debug|Any CPU.ActiveCfg = Debug|Any CPU
		{DC7F7066-EDE8-49FF-AB6B-1C0143CF349C}.Debug|Any CPU.Build.0 = Debug|Any CPU
		{DC7F7066-EDE8-49FF-AB6B-1C0143CF349C}.Release|Any CPU.ActiveCfg = Release|Any CPU
		{DC7F7066-EDE8-49FF-AB6B-1C0143CF349C}.Release|Any CPU.Build.0 = Release|Any CPU
		{E9C499B9-DFE2-470C-8215-11CCACD398DD}.Debug|Any CPU.ActiveCfg = Debug|Any CPU
		{E9C499B9-DFE2-470C-8215-11CCACD398DD}.Debug|Any CPU.Build.0 = Debug|Any CPU
		{E9C499B9-DFE2-470C-8215-11CCACD398DD}.Release|Any CPU.ActiveCfg = Release|Any CPU
		{E9C499B9-DFE2-470C-8215-11CCACD398DD}.Release|Any CPU.Build.0 = Release|Any CPU
		{D5313469-60EA-4B41-9D76-347F5D4101E8}.Debug|Any CPU.ActiveCfg = Debug|Any CPU
		{D5313469-60EA-4B41-9D76-347F5D4101E8}.Debug|Any CPU.Build.0 = Debug|Any CPU
		{D5313469-60EA-4B41-9D76-347F5D4101E8}.Release|Any CPU.ActiveCfg = Release|Any CPU
		{D5313469-60EA-4B41-9D76-347F5D4101E8}.Release|Any CPU.Build.0 = Release|Any CPU
		{24C48AD5-562B-4C9B-9FC3-52EB0C79007C}.Debug|Any CPU.ActiveCfg = Debug|Any CPU
		{24C48AD5-562B-4C9B-9FC3-52EB0C79007C}.Debug|Any CPU.Build.0 = Debug|Any CPU
		{24C48AD5-562B-4C9B-9FC3-52EB0C79007C}.Release|Any CPU.ActiveCfg = Release|Any CPU
		{24C48AD5-562B-4C9B-9FC3-52EB0C79007C}.Release|Any CPU.Build.0 = Release|Any CPU
		{99F9EA75-A5F3-48CF-87E4-C4B7481787D3}.Debug|Any CPU.ActiveCfg = Debug|Any CPU
		{99F9EA75-A5F3-48CF-87E4-C4B7481787D3}.Debug|Any CPU.Build.0 = Debug|Any CPU
		{99F9EA75-A5F3-48CF-87E4-C4B7481787D3}.Release|Any CPU.ActiveCfg = Release|Any CPU
		{99F9EA75-A5F3-48CF-87E4-C4B7481787D3}.Release|Any CPU.Build.0 = Release|Any CPU
		{EAE8C80F-CD76-4D2B-9513-E3C260DD31F8}.Debug|Any CPU.ActiveCfg = Debug|Any CPU
		{EAE8C80F-CD76-4D2B-9513-E3C260DD31F8}.Debug|Any CPU.Build.0 = Debug|Any CPU
		{EAE8C80F-CD76-4D2B-9513-E3C260DD31F8}.Release|Any CPU.ActiveCfg = Release|Any CPU
		{EAE8C80F-CD76-4D2B-9513-E3C260DD31F8}.Release|Any CPU.Build.0 = Release|Any CPU
	EndGlobalSection
	GlobalSection(SolutionProperties) = preSolution
		HideSolutionNode = FALSE
	EndGlobalSection
	GlobalSection(NestedProjects) = preSolution
		{46D89BED-5F80-454B-9496-3163759DBEB4} = {4D081256-19A6-4190-8224-FB9CF5793B6A}
		{3614D206-499A-47C5-98B1-B45F7B9556BC} = {4D081256-19A6-4190-8224-FB9CF5793B6A}
		{DC7F7066-EDE8-49FF-AB6B-1C0143CF349C} = {4D081256-19A6-4190-8224-FB9CF5793B6A}
		{E9C499B9-DFE2-470C-8215-11CCACD398DD} = {4D081256-19A6-4190-8224-FB9CF5793B6A}
		{D5313469-60EA-4B41-9D76-347F5D4101E8} = {D10B16B9-F33D-498D-8C6F-442B0EC7C6E2}
		{24C48AD5-562B-4C9B-9FC3-52EB0C79007C} = {D10B16B9-F33D-498D-8C6F-442B0EC7C6E2}
		{6068A50D-8E76-434E-ADE8-2E4A0A66333D} = {57E743C9-2E9B-4CA7-A9BD-E89B46B390E9}
		{D10B16B9-F33D-498D-8C6F-442B0EC7C6E2} = {32830E2D-B53F-4D0F-984E-806248F7C8D8}
		{CBD22F04-6415-467D-B079-44D5B01965D1} = {32830E2D-B53F-4D0F-984E-806248F7C8D8}
		{99F9EA75-A5F3-48CF-87E4-C4B7481787D3} = {CBD22F04-6415-467D-B079-44D5B01965D1}
		{EAE8C80F-CD76-4D2B-9513-E3C260DD31F8} = {CBD22F04-6415-467D-B079-44D5B01965D1}
	EndGlobalSection
	GlobalSection(ExtensibilityGlobals) = postSolution
		SolutionGuid = {9F65A0D1-C784-4ABE-8B71-22B8FBD404C0}
	EndGlobalSection
EndGlobal
